
Microsoft Visual Studio Solution File, Format Version 12.00
# Visual Studio Version 16
VisualStudioVersion = 16.0.29411.108
MinimumVisualStudioVersion = 10.0.40219.1
Project("{FAE04EC0-301F-11D3-BF4B-00C04F79EFBC}") = "Platformer", "Platformer.csproj", "{92EEA696-3317-4F2C-BB69-B25360F137F4}"
EndProject
Global
	GlobalSection(SolutionConfigurationPlatforms) = preSolution
		Debug|Any CPU = Debug|Any CPU
		Release|Any CPU = Release|Any CPU
	EndGlobalSection
	GlobalSection(ProjectConfigurationPlatforms) = postSolution
		{92EEA696-3317-4F2C-BB69-B25360F137F4}.Debug|Any CPU.ActiveCfg = Debug|Any CPU
		{92EEA696-3317-4F2C-BB69-B25360F137F4}.Debug|Any CPU.Build.0 = Debug|Any CPU
		{92EEA696-3317-4F2C-BB69-B25360F137F4}.Release|Any CPU.ActiveCfg = Release|Any CPU
		{92EEA696-3317-4F2C-BB69-B25360F137F4}.Release|Any CPU.Build.0 = Release|Any CPU
	EndGlobalSection
	GlobalSection(SolutionProperties) = preSolution
		HideSolutionNode = FALSE
	EndGlobalSection
	GlobalSection(ExtensibilityGlobals) = postSolution
		SolutionGuid = {0FE7552B-5F66-46D0-A5F7-4C8073613129}
	EndGlobalSection
EndGlobal
